
Microsoft Visual Studio Solution File, Format Version 12.00
# Visual Studio Version 17
VisualStudioVersion = 17.9.34723.18
MinimumVisualStudioVersion = 10.0.40219.1
Project("{9A19103F-16F7-4668-BE54-9A1E7A4F7556}") = "dotnet", "dotnet.csproj", "{4F7B2605-E1DC-411E-A44B-4B1663266116}"
EndProject
Global
	GlobalSection(SolutionConfigurationPlatforms) = preSolution
		Debug|Any CPU = Debug|Any CPU
		Release|Any CPU = Release|Any CPU
	EndGlobalSection
	GlobalSection(ProjectConfigurationPlatforms) = postSolution
		{4F7B2605-E1DC-411E-A44B-4B1663266116}.Debug|Any CPU.ActiveCfg = Debug|Any CPU
		{4F7B2605-E1DC-411E-A44B-4B1663266116}.Debug|Any CPU.Build.0 = Debug|Any CPU
		{4F7B2605-E1DC-411E-A44B-4B1663266116}.Release|Any CPU.ActiveCfg = Release|Any CPU
		{4F7B2605-E1DC-411E-A44B-4B1663266116}.Release|Any CPU.Build.0 = Release|Any CPU
	EndGlobalSection
	GlobalSection(SolutionProperties) = preSolution
		HideSolutionNode = FALSE
	EndGlobalSection
	GlobalSection(ExtensibilityGlobals) = postSolution
		SolutionGuid = {BABC7EA3-77EB-4A4C-A645-E58B94084CBF}
	EndGlobalSection
EndGlobal
